{
  "name": "fuego-buenos-aires",
  "version": "1.0.0",
  "lockfileVersion": 3,
  "requires": true,
  "packages": {
    "": {
      "name": "fuego-buenos-aires",
      "version": "1.0.0",
      "license": "ISC",
      "dependencies": {
        "fuego-buenos-aires": "file:"
      }
    },
    "node_modules/fuego-buenos-aires": {
      "resolved": "",
      "link": true
    }
  }
}
